// !$*UTF8*$!
{
	archiveVersion = 1;
	classes = {
	};
	objectVersion = 46;
	objects = {

/* Begin PBXBuildFile section */
		4B76B53DE4D095A52CBC4A05 /* Pods_BlueHack2017.framework in Frameworks */ = {isa = PBXBuildFile; fileRef = E1D5D48F6F58A85621B6B26F /* Pods_BlueHack2017.framework */; };
		BC2F07101E86B4F4006288B0 /* TextSpeech.swift in Sources */ = {isa = PBXBuildFile; fileRef = BC2F070F1E86B4F4006288B0 /* TextSpeech.swift */; };
		BC2F07131E86B5A8006288B0 /* JSON.swift in Sources */ = {isa = PBXBuildFile; fileRef = BC2F07121E86B5A8006288B0 /* JSON.swift */; };
		BC2F07151E86B60A006288B0 /* Voice.swift in Sources */ = {isa = PBXBuildFile; fileRef = BC2F07141E86B60A006288B0 /* Voice.swift */; };
		BC2F07171E86B641006288B0 /* Customization.swift in Sources */ = {isa = PBXBuildFile; fileRef = BC2F07161E86B641006288B0 /* Customization.swift */; };
		BC2F07191E86B681006288B0 /* RestRequest.swift in Sources */ = {isa = PBXBuildFile; fileRef = BC2F07181E86B681006288B0 /* RestRequest.swift */; };
		BC2F071B1E86B6BE006288B0 /* Promuciation.swift in Sources */ = {isa = PBXBuildFile; fileRef = BC2F071A1E86B6BE006288B0 /* Promuciation.swift */; };
		BC2F071D1E86B6FF006288B0 /* AudioFormat.swift in Sources */ = {isa = PBXBuildFile; fileRef = BC2F071C1E86B6FF006288B0 /* AudioFormat.swift */; };
		BC2F071F1E86B725006288B0 /* PhonemeFormat.swift in Sources */ = {isa = PBXBuildFile; fileRef = BC2F071E1E86B725006288B0 /* PhonemeFormat.swift */; };
		BC2F07211E86B757006288B0 /* CustomizationID.swift in Sources */ = {isa = PBXBuildFile; fileRef = BC2F07201E86B757006288B0 /* CustomizationID.swift */; };
		BC2F07231E86B792006288B0 /* Word.swift in Sources */ = {isa = PBXBuildFile; fileRef = BC2F07221E86B792006288B0 /* Word.swift */; };
		BC2F07251E86B7FC006288B0 /* CustomVoiceUpdate.swift in Sources */ = {isa = PBXBuildFile; fileRef = BC2F07241E86B7FC006288B0 /* CustomVoiceUpdate.swift */; };
		BC2F07271E86B843006288B0 /* CustomizationWord.swift in Sources */ = {isa = PBXBuildFile; fileRef = BC2F07261E86B843006288B0 /* CustomizationWord.swift */; };
		BC2F07291E86B872006288B0 /* Translation.swift in Sources */ = {isa = PBXBuildFile; fileRef = BC2F07281E86B872006288B0 /* Translation.swift */; };
		BC2F072D1E86C6EA006288B0 /* ChatBot.swift in Sources */ = {isa = PBXBuildFile; fileRef = BC2F072C1E86C6EA006288B0 /* ChatBot.swift */; };
		BC2F07321E86E604006288B0 /* chatCell.swift in Sources */ = {isa = PBXBuildFile; fileRef = BC2F07311E86E604006288B0 /* chatCell.swift */; };
		BC3DA7391E89E1FF00FDF402 /* RedNode.swift in Sources */ = {isa = PBXBuildFile; fileRef = BC3DA7381E89E1FF00FDF402 /* RedNode.swift */; };
		BC5D0DAD1E86E8860058CCE7 /* chat.swift in Sources */ = {isa = PBXBuildFile; fileRef = BC5D0DAC1E86E8860058CCE7 /* chat.swift */; };
		BC5D38161E872B7B00C3110A /* MogoDB.swift in Sources */ = {isa = PBXBuildFile; fileRef = BC5D38151E872B7B00C3110A /* MogoDB.swift */; };
		BC8EF1151E8544D700767B42 /* AppDelegate.swift in Sources */ = {isa = PBXBuildFile; fileRef = BC8EF1141E8544D700767B42 /* AppDelegate.swift */; };
		BC8EF1171E8544D700767B42 /* ViewController.swift in Sources */ = {isa = PBXBuildFile; fileRef = BC8EF1161E8544D700767B42 /* ViewController.swift */; };
		BC8EF11A1E8544D700767B42 /* Main.storyboard in Resources */ = {isa = PBXBuildFile; fileRef = BC8EF1181E8544D700767B42 /* Main.storyboard */; };
		BC8EF11F1E8544D700767B42 /* LaunchScreen.storyboard in Resources */ = {isa = PBXBuildFile; fileRef = BC8EF11D1E8544D700767B42 /* LaunchScreen.storyboard */; };
		BC8EF1271E854D1300767B42 /* ToneAnalyzer.swift in Sources */ = {isa = PBXBuildFile; fileRef = BC8EF1261E854D1300767B42 /* ToneAnalyzer.swift */; };
		BC8EF1291E854DA200767B42 /* Credentials.swift in Sources */ = {isa = PBXBuildFile; fileRef = BC8EF1281E854DA200767B42 /* Credentials.swift */; };
		BCBF96CD1E85AC0A00F2116E /* Assets.xcassets in Resources */ = {isa = PBXBuildFile; fileRef = BCBF96CC1E85AC0A00F2116E /* Assets.xcassets */; };
/* End PBXBuildFile section */

/* Begin PBXFileReference section */
		8702A4B2F5CE5E383E0E53F3 /* Pods-BlueHack2017.debug.xcconfig */ = {isa = PBXFileReference; includeInIndex = 1; lastKnownFileType = text.xcconfig; name = "Pods-BlueHack2017.debug.xcconfig"; path = "Pods/Target Support Files/Pods-BlueHack2017/Pods-BlueHack2017.debug.xcconfig"; sourceTree = "<group>"; };
		BC2F070F1E86B4F4006288B0 /* TextSpeech.swift */ = {isa = PBXFileReference; fileEncoding = 4; lastKnownFileType = sourcecode.swift; path = TextSpeech.swift; sourceTree = "<group>"; };
		BC2F07121E86B5A8006288B0 /* JSON.swift */ = {isa = PBXFileReference; fileEncoding = 4; lastKnownFileType = sourcecode.swift; path = JSON.swift; sourceTree = "<group>"; };
		BC2F07141E86B60A006288B0 /* Voice.swift */ = {isa = PBXFileReference; fileEncoding = 4; lastKnownFileType = sourcecode.swift; path = Voice.swift; sourceTree = "<group>"; };
		BC2F07161E86B641006288B0 /* Customization.swift */ = {isa = PBXFileReference; fileEncoding = 4; lastKnownFileType = sourcecode.swift; path = Customization.swift; sourceTree = "<group>"; };
		BC2F07181E86B681006288B0 /* RestRequest.swift */ = {isa = PBXFileReference; fileEncoding = 4; lastKnownFileType = sourcecode.swift; path = RestRequest.swift; sourceTree = "<group>"; };
		BC2F071A1E86B6BE006288B0 /* Promuciation.swift */ = {isa = PBXFileReference; fileEncoding = 4; lastKnownFileType = sourcecode.swift; path = Promuciation.swift; sourceTree = "<group>"; };
		BC2F071C1E86B6FF006288B0 /* AudioFormat.swift */ = {isa = PBXFileReference; fileEncoding = 4; lastKnownFileType = sourcecode.swift; path = AudioFormat.swift; sourceTree = "<group>"; };
		BC2F071E1E86B725006288B0 /* PhonemeFormat.swift */ = {isa = PBXFileReference; fileEncoding = 4; lastKnownFileType = sourcecode.swift; path = PhonemeFormat.swift; sourceTree = "<group>"; };
		BC2F07201E86B757006288B0 /* CustomizationID.swift */ = {isa = PBXFileReference; fileEncoding = 4; lastKnownFileType = sourcecode.swift; path = CustomizationID.swift; sourceTree = "<group>"; };
		BC2F07221E86B792006288B0 /* Word.swift */ = {isa = PBXFileReference; fileEncoding = 4; lastKnownFileType = sourcecode.swift; path = Word.swift; sourceTree = "<group>"; };
		BC2F07241E86B7FC006288B0 /* CustomVoiceUpdate.swift */ = {isa = PBXFileReference; fileEncoding = 4; lastKnownFileType = sourcecode.swift; path = CustomVoiceUpdate.swift; sourceTree = "<group>"; };
		BC2F07261E86B843006288B0 /* CustomizationWord.swift */ = {isa = PBXFileReference; fileEncoding = 4; lastKnownFileType = sourcecode.swift; path = CustomizationWord.swift; sourceTree = "<group>"; };
		BC2F07281E86B872006288B0 /* Translation.swift */ = {isa = PBXFileReference; fileEncoding = 4; lastKnownFileType = sourcecode.swift; path = Translation.swift; sourceTree = "<group>"; };
		BC2F072C1E86C6EA006288B0 /* ChatBot.swift */ = {isa = PBXFileReference; fileEncoding = 4; lastKnownFileType = sourcecode.swift; path = ChatBot.swift; sourceTree = "<group>"; };
		BC2F07311E86E604006288B0 /* chatCell.swift */ = {isa = PBXFileReference; fileEncoding = 4; lastKnownFileType = sourcecode.swift; path = chatCell.swift; sourceTree = "<group>"; };
		BC3DA7381E89E1FF00FDF402 /* RedNode.swift */ = {isa = PBXFileReference; fileEncoding = 4; lastKnownFileType = sourcecode.swift; path = RedNode.swift; sourceTree = "<group>"; };
		BC5D0DAC1E86E8860058CCE7 /* chat.swift */ = {isa = PBXFileReference; fileEncoding = 4; lastKnownFileType = sourcecode.swift; path = chat.swift; sourceTree = "<group>"; };
		BC5D38151E872B7B00C3110A /* MogoDB.swift */ = {isa = PBXFileReference; fileEncoding = 4; lastKnownFileType = sourcecode.swift; path = MogoDB.swift; sourceTree = "<group>"; };
		BC8EF1111E8544D700767B42 /* BlueHack2017.app */ = {isa = PBXFileReference; explicitFileType = wrapper.application; includeInIndex = 0; path = BlueHack2017.app; sourceTree = BUILT_PRODUCTS_DIR; };
		BC8EF1141E8544D700767B42 /* AppDelegate.swift */ = {isa = PBXFileReference; lastKnownFileType = sourcecode.swift; path = AppDelegate.swift; sourceTree = "<group>"; };
		BC8EF1161E8544D700767B42 /* ViewController.swift */ = {isa = PBXFileReference; lastKnownFileType = sourcecode.swift; path = ViewController.swift; sourceTree = "<group>"; };
		BC8EF1191E8544D700767B42 /* Base */ = {isa = PBXFileReference; lastKnownFileType = file.storyboard; name = Base; path = Base.lproj/Main.storyboard; sourceTree = "<group>"; };
		BC8EF11E1E8544D700767B42 /* Base */ = {isa = PBXFileReference; lastKnownFileType = file.storyboard; name = Base; path = Base.lproj/LaunchScreen.storyboard; sourceTree = "<group>"; };
		BC8EF1201E8544D700767B42 /* Info.plist */ = {isa = PBXFileReference; lastKnownFileType = text.plist.xml; path = Info.plist; sourceTree = "<group>"; };
		BC8EF1261E854D1300767B42 /* ToneAnalyzer.swift */ = {isa = PBXFileReference; fileEncoding = 4; lastKnownFileType = sourcecode.swift; path = ToneAnalyzer.swift; sourceTree = "<group>"; };
		BC8EF1281E854DA200767B42 /* Credentials.swift */ = {isa = PBXFileReference; fileEncoding = 4; lastKnownFileType = sourcecode.swift; path = Credentials.swift; sourceTree = "<group>"; };
		BCBF96CC1E85AC0A00F2116E /* Assets.xcassets */ = {isa = PBXFileReference; lastKnownFileType = folder.assetcatalog; path = Assets.xcassets; sourceTree = "<group>"; };
		D6C912B525A400702402403C /* Pods-BlueHack2017.release.xcconfig */ = {isa = PBXFileReference; includeInIndex = 1; lastKnownFileType = text.xcconfig; name = "Pods-BlueHack2017.release.xcconfig"; path = "Pods/Target Support Files/Pods-BlueHack2017/Pods-BlueHack2017.release.xcconfig"; sourceTree = "<group>"; };
		E1D5D48F6F58A85621B6B26F /* Pods_BlueHack2017.framework */ = {isa = PBXFileReference; explicitFileType = wrapper.framework; includeInIndex = 0; path = Pods_BlueHack2017.framework; sourceTree = BUILT_PRODUCTS_DIR; };
/* End PBXFileReference section */

/* Begin PBXFrameworksBuildPhase section */
		BC8EF10E1E8544D700767B42 /* Frameworks */ = {
			isa = PBXFrameworksBuildPhase;
			buildActionMask = 2147483647;
			files = (
				4B76B53DE4D095A52CBC4A05 /* Pods_BlueHack2017.framework in Frameworks */,
			);
			runOnlyForDeploymentPostprocessing = 0;
		};
/* End PBXFrameworksBuildPhase section */

/* Begin PBXGroup section */
		3EDD5587EC3DDE4968D07897 /* Frameworks */ = {
			isa = PBXGroup;
			children = (
				E1D5D48F6F58A85621B6B26F /* Pods_BlueHack2017.framework */,
			);
			name = Frameworks;
			sourceTree = "<group>";
		};
		67D9197433CEF81EC20B2749 /* Pods */ = {
			isa = PBXGroup;
			children = (
				8702A4B2F5CE5E383E0E53F3 /* Pods-BlueHack2017.debug.xcconfig */,
				D6C912B525A400702402403C /* Pods-BlueHack2017.release.xcconfig */,
			);
			name = Pods;
			sourceTree = "<group>";
		};
		BC2F07111E86B594006288B0 /* RestKit */ = {
			isa = PBXGroup;
			children = (
				BC2F07121E86B5A8006288B0 /* JSON.swift */,
				BC2F07141E86B60A006288B0 /* Voice.swift */,
				BC2F07161E86B641006288B0 /* Customization.swift */,
				BC2F07181E86B681006288B0 /* RestRequest.swift */,
				BC2F071A1E86B6BE006288B0 /* Promuciation.swift */,
				BC2F071C1E86B6FF006288B0 /* AudioFormat.swift */,
				BC2F071E1E86B725006288B0 /* PhonemeFormat.swift */,
				BC2F07201E86B757006288B0 /* CustomizationID.swift */,
				BC2F07221E86B792006288B0 /* Word.swift */,
				BC2F07241E86B7FC006288B0 /* CustomVoiceUpdate.swift */,
				BC2F07261E86B843006288B0 /* CustomizationWord.swift */,
				BC2F07281E86B872006288B0 /* Translation.swift */,
			);
			name = RestKit;
			sourceTree = "<group>";
		};
		BC2F072E1E86E461006288B0 /* View */ = {
			isa = PBXGroup;
			children = (
				BC2F07311E86E604006288B0 /* chatCell.swift */,
			);
			name = View;
			sourceTree = "<group>";
		};
		BC8EF1081E8544D700767B42 = {
			isa = PBXGroup;
			children = (
				BC8EF1131E8544D700767B42 /* BlueHack2017 */,
				BC8EF1121E8544D700767B42 /* Products */,
				67D9197433CEF81EC20B2749 /* Pods */,
				3EDD5587EC3DDE4968D07897 /* Frameworks */,
			);
			sourceTree = "<group>";
		};
		BC8EF1121E8544D700767B42 /* Products */ = {
			isa = PBXGroup;
			children = (
				BC8EF1111E8544D700767B42 /* BlueHack2017.app */,
			);
			name = Products;
			sourceTree = "<group>";
		};
		BC8EF1131E8544D700767B42 /* BlueHack2017 */ = {
			isa = PBXGroup;
			children = (
				BC2F072E1E86E461006288B0 /* View */,
				BC2F07111E86B594006288B0 /* RestKit */,
				BCBF96C91E85621400F2116E /* Util */,
				BCBF96C81E85620000F2116E /* Controller */,
				BCBF96C71E8561F700F2116E /* Model */,
				BC8EF1141E8544D700767B42 /* AppDelegate.swift */,
				BC8EF1181E8544D700767B42 /* Main.storyboard */,
				BC8EF11D1E8544D700767B42 /* LaunchScreen.storyboard */,
				BCBF96CC1E85AC0A00F2116E /* Assets.xcassets */,
				BC8EF1201E8544D700767B42 /* Info.plist */,
			);
			path = BlueHack2017;
			sourceTree = "<group>";
		};
		BCBF96C71E8561F700F2116E /* Model */ = {
			isa = PBXGroup;
			children = (
				BC5D0DAC1E86E8860058CCE7 /* chat.swift */,
			);
			name = Model;
			sourceTree = "<group>";
		};
		BCBF96C81E85620000F2116E /* Controller */ = {
			isa = PBXGroup;
			children = (
				BC8EF1161E8544D700767B42 /* ViewController.swift */,
			);
			name = Controller;
			sourceTree = "<group>";
		};
		BCBF96C91E85621400F2116E /* Util */ = {
			isa = PBXGroup;
			children = (
				BC8EF1261E854D1300767B42 /* ToneAnalyzer.swift */,
				BC8EF1281E854DA200767B42 /* Credentials.swift */,
				BC2F070F1E86B4F4006288B0 /* TextSpeech.swift */,
				BC2F072C1E86C6EA006288B0 /* ChatBot.swift */,
				BC5D38151E872B7B00C3110A /* MogoDB.swift */,
				BC3DA7381E89E1FF00FDF402 /* RedNode.swift */,
			);
			name = Util;
			sourceTree = "<group>";
		};
/* End PBXGroup section */

/* Begin PBXNativeTarget section */
		BC8EF1101E8544D700767B42 /* BlueHack2017 */ = {
			isa = PBXNativeTarget;
			buildConfigurationList = BC8EF1231E8544D700767B42 /* Build configuration list for PBXNativeTarget "BlueHack2017" */;
			buildPhases = (
				68A895A4D6DC4A651425AE06 /* [CP] Check Pods Manifest.lock */,
				BC8EF10D1E8544D700767B42 /* Sources */,
				BC8EF10E1E8544D700767B42 /* Frameworks */,
				BC8EF10F1E8544D700767B42 /* Resources */,
				BAF04E9AE93528C90B249717 /* [CP] Embed Pods Frameworks */,
				FCDDD896360E7D014AACF32F /* [CP] Copy Pods Resources */,
			);
			buildRules = (
			);
			dependencies = (
			);
			name = BlueHack2017;
			productName = BlueHack2017;
			productReference = BC8EF1111E8544D700767B42 /* BlueHack2017.app */;
			productType = "com.apple.product-type.application";
		};
/* End PBXNativeTarget section */

/* Begin PBXProject section */
		BC8EF1091E8544D700767B42 /* Project object */ = {
			isa = PBXProject;
			attributes = {
				LastSwiftUpdateCheck = 0820;
				LastUpgradeCheck = 0820;
				ORGANIZATIONNAME = "Carlos Doki";
				TargetAttributes = {
					BC8EF1101E8544D700767B42 = {
						CreatedOnToolsVersion = 8.2.1;
						DevelopmentTeam = 7984M9FF87;
						ProvisioningStyle = Automatic;
						SystemCapabilities = {
							com.apple.BackgroundModes = {
								enabled = 1;
							};
						};
					};
				};
			};
			buildConfigurationList = BC8EF10C1E8544D700767B42 /* Build configuration list for PBXProject "BlueHack2017" */;
			compatibilityVersion = "Xcode 3.2";
			developmentRegion = English;
			hasScannedForEncodings = 0;
			knownRegions = (
				en,
				Base,
			);
			mainGroup = BC8EF1081E8544D700767B42;
			productRefGroup = BC8EF1121E8544D700767B42 /* Products */;
			projectDirPath = "";
			projectRoot = "";
			targets = (
				BC8EF1101E8544D700767B42 /* BlueHack2017 */,
			);
		};
/* End PBXProject section */

/* Begin PBXResourcesBuildPhase section */
		BC8EF10F1E8544D700767B42 /* Resources */ = {
			isa = PBXResourcesBuildPhase;
			buildActionMask = 2147483647;
			files = (
				BC8EF11F1E8544D700767B42 /* LaunchScreen.storyboard in Resources */,
				BCBF96CD1E85AC0A00F2116E /* Assets.xcassets in Resources */,
				BC8EF11A1E8544D700767B42 /* Main.storyboard in Resources */,
			);
			runOnlyForDeploymentPostprocessing = 0;
		};
/* End PBXResourcesBuildPhase section */

/* Begin PBXShellScriptBuildPhase section */
		68A895A4D6DC4A651425AE06 /* [CP] Check Pods Manifest.lock */ = {
			isa = PBXShellScriptBuildPhase;
			buildActionMask = 2147483647;
			files = (
			);
			inputPaths = (
			);
			name = "[CP] Check Pods Manifest.lock";
			outputPaths = (
			);
			runOnlyForDeploymentPostprocessing = 0;
			shellPath = /bin/sh;
			shellScript = "diff \"${PODS_ROOT}/../Podfile.lock\" \"${PODS_ROOT}/Manifest.lock\" > /dev/null\nif [ $? != 0 ] ; then\n    # print error to STDERR\n    echo \"error: The sandbox is not in sync with the Podfile.lock. Run 'pod install' or update your CocoaPods installation.\" >&2\n    exit 1\nfi\n";
			showEnvVarsInLog = 0;
		};
		BAF04E9AE93528C90B249717 /* [CP] Embed Pods Frameworks */ = {
			isa = PBXShellScriptBuildPhase;
			buildActionMask = 2147483647;
			files = (
			);
			inputPaths = (
			);
			name = "[CP] Embed Pods Frameworks";
			outputPaths = (
			);
			runOnlyForDeploymentPostprocessing = 0;
			shellPath = /bin/sh;
			shellScript = "\"${SRCROOT}/Pods/Target Support Files/Pods-BlueHack2017/Pods-BlueHack2017-frameworks.sh\"\n";
			showEnvVarsInLog = 0;
		};
		FCDDD896360E7D014AACF32F /* [CP] Copy Pods Resources */ = {
			isa = PBXShellScriptBuildPhase;
			buildActionMask = 2147483647;
			files = (
			);
			inputPaths = (
			);
			name = "[CP] Copy Pods Resources";
			outputPaths = (
			);
			runOnlyForDeploymentPostprocessing = 0;
			shellPath = /bin/sh;
			shellScript = "\"${SRCROOT}/Pods/Target Support Files/Pods-BlueHack2017/Pods-BlueHack2017-resources.sh\"\n";
			showEnvVarsInLog = 0;
		};
/* End PBXShellScriptBuildPhase section */

/* Begin PBXSourcesBuildPhase section */
		BC8EF10D1E8544D700767B42 /* Sources */ = {
			isa = PBXSourcesBuildPhase;
			buildActionMask = 2147483647;
			files = (
				BC8EF1271E854D1300767B42 /* ToneAnalyzer.swift in Sources */,
				BC2F07191E86B681006288B0 /* RestRequest.swift in Sources */,
				BC2F07321E86E604006288B0 /* chatCell.swift in Sources */,
				BC2F07231E86B792006288B0 /* Word.swift in Sources */,
				BC2F07271E86B843006288B0 /* CustomizationWord.swift in Sources */,
				BC5D0DAD1E86E8860058CCE7 /* chat.swift in Sources */,
				BC2F07131E86B5A8006288B0 /* JSON.swift in Sources */,
				BC2F072D1E86C6EA006288B0 /* ChatBot.swift in Sources */,
				BC8EF1171E8544D700767B42 /* ViewController.swift in Sources */,
				BC2F07211E86B757006288B0 /* CustomizationID.swift in Sources */,
				BC2F07251E86B7FC006288B0 /* CustomVoiceUpdate.swift in Sources */,
				BC2F07151E86B60A006288B0 /* Voice.swift in Sources */,
				BC5D38161E872B7B00C3110A /* MogoDB.swift in Sources */,
				BC2F071B1E86B6BE006288B0 /* Promuciation.swift in Sources */,
				BC2F07291E86B872006288B0 /* Translation.swift in Sources */,
				BC2F071F1E86B725006288B0 /* PhonemeFormat.swift in Sources */,
				BC2F071D1E86B6FF006288B0 /* AudioFormat.swift in Sources */,
				BC3DA7391E89E1FF00FDF402 /* RedNode.swift in Sources */,
				BC2F07101E86B4F4006288B0 /* TextSpeech.swift in Sources */,
				BC8EF1291E854DA200767B42 /* Credentials.swift in Sources */,
				BC8EF1151E8544D700767B42 /* AppDelegate.swift in Sources */,
				BC2F07171E86B641006288B0 /* Customization.swift in Sources */,
			);
			runOnlyForDeploymentPostprocessing = 0;
		};
/* End PBXSourcesBuildPhase section */

/* Begin PBXVariantGroup section */
		BC8EF1181E8544D700767B42 /* Main.storyboard */ = {
			isa = PBXVariantGroup;
			children = (
				BC8EF1191E8544D700767B42 /* Base */,
			);
			name = Main.storyboard;
			sourceTree = "<group>";
		};
		BC8EF11D1E8544D700767B42 /* LaunchScreen.storyboard */ = {
			isa = PBXVariantGroup;
			children = (
				BC8EF11E1E8544D700767B42 /* Base */,
			);
			name = LaunchScreen.storyboard;
			sourceTree = "<group>";
		};
/* End PBXVariantGroup section */

/* Begin XCBuildConfiguration section */
		BC8EF1211E8544D700767B42 /* Debug */ = {
			isa = XCBuildConfiguration;
			buildSettings = {
				ALWAYS_SEARCH_USER_PATHS = NO;
				CLANG_ANALYZER_NONNULL = YES;
				CLANG_CXX_LANGUAGE_STANDARD = "gnu++0x";
				CLANG_CXX_LIBRARY = "libc++";
				CLANG_ENABLE_MODULES = YES;
				CLANG_ENABLE_OBJC_ARC = YES;
				CLANG_WARN_BOOL_CONVERSION = YES;
				CLANG_WARN_CONSTANT_CONVERSION = YES;
				CLANG_WARN_DIRECT_OBJC_ISA_USAGE = YES_ERROR;
				CLANG_WARN_DOCUMENTATION_COMMENTS = YES;
				CLANG_WARN_EMPTY_BODY = YES;
				CLANG_WARN_ENUM_CONVERSION = YES;
				CLANG_WARN_INFINITE_RECURSION = YES;
				CLANG_WARN_INT_CONVERSION = YES;
				CLANG_WARN_OBJC_ROOT_CLASS = YES_ERROR;
				CLANG_WARN_SUSPICIOUS_MOVE = YES;
				CLANG_WARN_UNREACHABLE_CODE = YES;
				CLANG_WARN__DUPLICATE_METHOD_MATCH = YES;
				"CODE_SIGN_IDENTITY[sdk=iphoneos*]" = "iPhone Developer";
				COPY_PHASE_STRIP = NO;
				DEBUG_INFORMATION_FORMAT = dwarf;
				ENABLE_STRICT_OBJC_MSGSEND = YES;
				ENABLE_TESTABILITY = YES;
				GCC_C_LANGUAGE_STANDARD = gnu99;
				GCC_DYNAMIC_NO_PIC = NO;
				GCC_NO_COMMON_BLOCKS = YES;
				GCC_OPTIMIZATION_LEVEL = 0;
				GCC_PREPROCESSOR_DEFINITIONS = (
					"DEBUG=1",
					"$(inherited)",
				);
				GCC_WARN_64_TO_32_BIT_CONVERSION = YES;
				GCC_WARN_ABOUT_RETURN_TYPE = YES_ERROR;
				GCC_WARN_UNDECLARED_SELECTOR = YES;
				GCC_WARN_UNINITIALIZED_AUTOS = YES_AGGRESSIVE;
				GCC_WARN_UNUSED_FUNCTION = YES;
				GCC_WARN_UNUSED_VARIABLE = YES;
				IPHONEOS_DEPLOYMENT_TARGET = 10.2;
				MTL_ENABLE_DEBUG_INFO = YES;
				ONLY_ACTIVE_ARCH = YES;
				SDKROOT = iphoneos;
				SWIFT_ACTIVE_COMPILATION_CONDITIONS = DEBUG;
				SWIFT_OPTIMIZATION_LEVEL = "-Onone";
				TARGETED_DEVICE_FAMILY = "1,2";
			};
			name = Debug;
		};
		BC8EF1221E8544D700767B42 /* Release */ = {
			isa = XCBuildConfiguration;
			buildSettings = {
				ALWAYS_SEARCH_USER_PATHS = NO;
				CLANG_ANALYZER_NONNULL = YES;
				CLANG_CXX_LANGUAGE_STANDARD = "gnu++0x";
				CLANG_CXX_LIBRARY = "libc++";
				CLANG_ENABLE_MODULES = YES;
				CLANG_ENABLE_OBJC_ARC = YES;
				CLANG_WARN_BOOL_CONVERSION = YES;
				CLANG_WARN_CONSTANT_CONVERSION = YES;
				CLANG_WARN_DIRECT_OBJC_ISA_USAGE = YES_ERROR;
				CLANG_WARN_DOCUMENTATION_COMMENTS = YES;
				CLANG_WARN_EMPTY_BODY = YES;
				CLANG_WARN_ENUM_CONVERSION = YES;
				CLANG_WARN_INFINITE_RECURSION = YES;
				CLANG_WARN_INT_CONVERSION = YES;
				CLANG_WARN_OBJC_ROOT_CLASS = YES_ERROR;
				CLANG_WARN_SUSPICIOUS_MOVE = YES;
				CLANG_WARN_UNREACHABLE_CODE = YES;
				CLANG_WARN__DUPLICATE_METHOD_MATCH = YES;
				"CODE_SIGN_IDENTITY[sdk=iphoneos*]" = "iPhone Developer";
				COPY_PHASE_STRIP = NO;
				DEBUG_INFORMATION_FORMAT = "dwarf-with-dsym";
				ENABLE_NS_ASSERTIONS = NO;
				ENABLE_STRICT_OBJC_MSGSEND = YES;
				GCC_C_LANGUAGE_STANDARD = gnu99;
				GCC_NO_COMMON_BLOCKS = YES;
				GCC_WARN_64_TO_32_BIT_CONVERSION = YES;
				GCC_WARN_ABOUT_RETURN_TYPE = YES_ERROR;
				GCC_WARN_UNDECLARED_SELECTOR = YES;
				GCC_WARN_UNINITIALIZED_AUTOS = YES_AGGRESSIVE;
				GCC_WARN_UNUSED_FUNCTION = YES;
				GCC_WARN_UNUSED_VARIABLE = YES;
				IPHONEOS_DEPLOYMENT_TARGET = 10.2;
				MTL_ENABLE_DEBUG_INFO = NO;
				SDKROOT = iphoneos;
				SWIFT_OPTIMIZATION_LEVEL = "-Owholemodule";
				TARGETED_DEVICE_FAMILY = "1,2";
				VALIDATE_PRODUCT = YES;
			};
			name = Release;
		};
		BC8EF1241E8544D700767B42 /* Debug */ = {
			isa = XCBuildConfiguration;
			baseConfigurationReference = 8702A4B2F5CE5E383E0E53F3 /* Pods-BlueHack2017.debug.xcconfig */;
			buildSettings = {
				ASSETCATALOG_COMPILER_APPICON_NAME = AppIcon;
				DEVELOPMENT_TEAM = 7984M9FF87;
				INFOPLIST_FILE = BlueHack2017/Info.plist;
				LD_RUNPATH_SEARCH_PATHS = "$(inherited) @executable_path/Frameworks";
				PRODUCT_BUNDLE_IDENTIFIER = com.carlosdoki.BlueHack2017;
				PRODUCT_NAME = "$(TARGET_NAME)";
				SWIFT_VERSION = 3.0;
			};
			name = Debug;
		};
		BC8EF1251E8544D700767B42 /* Release */ = {
			isa = XCBuildConfiguration;
			baseConfigurationReference = D6C912B525A400702402403C /* Pods-BlueHack2017.release.xcconfig */;
			buildSettings = {
				ASSETCATALOG_COMPILER_APPICON_NAME = AppIcon;
				DEVELOPMENT_TEAM = 7984M9FF87;
				INFOPLIST_FILE = BlueHack2017/Info.plist;
				LD_RUNPATH_SEARCH_PATHS = "$(inherited) @executable_path/Frameworks";
				PRODUCT_BUNDLE_IDENTIFIER = com.carlosdoki.BlueHack2017;
				PRODUCT_NAME = "$(TARGET_NAME)";
				SWIFT_VERSION = 3.0;
			};
			name = Release;
		};
/* End XCBuildConfiguration section */

/* Begin XCConfigurationList section */
		BC8EF10C1E8544D700767B42 /* Build configuration list for PBXProject "BlueHack2017" */ = {
			isa = XCConfigurationList;
			buildConfigurations = (
				BC8EF1211E8544D700767B42 /* Debug */,
				BC8EF1221E8544D700767B42 /* Release */,
			);
			defaultConfigurationIsVisible = 0;
			defaultConfigurationName = Release;
		};
		BC8EF1231E8544D700767B42 /* Build configuration list for PBXNativeTarget "BlueHack2017" */ = {
			isa = XCConfigurationList;
			buildConfigurations = (
				BC8EF1241E8544D700767B42 /* Debug */,
				BC8EF1251E8544D700767B42 /* Release */,
			);
			defaultConfigurationIsVisible = 0;
			defaultConfigurationName = Release;
		};
/* End XCConfigurationList section */
	};
	rootObject = BC8EF1091E8544D700767B42 /* Project object */;
}
